// !$*UTF8*$!
{
	archiveVersion = 1;
	classes = {
	};
	objectVersion = 56;
	objects = {

/* Begin PBXBuildFile section */
		AA000040000000000000000A /* LyncApp.swift in Sources */ = {isa = PBXBuildFile; fileRef = AA000020000000000000000A /* LyncApp.swift */; };
		AA000041000000000000000A /* AppDelegate.swift in Sources */ = {isa = PBXBuildFile; fileRef = AA000021000000000000000A /* AppDelegate.swift */; };
		AA000042000000000000000A /* Rule.swift in Sources */ = {isa = PBXBuildFile; fileRef = AA000022000000000000000A /* Rule.swift */; };
		AA000043000000000000000A /* Browser.swift in Sources */ = {isa = PBXBuildFile; fileRef = AA000023000000000000000A /* Browser.swift */; };
		AA000044000000000000000A /* URLRouter.swift in Sources */ = {isa = PBXBuildFile; fileRef = AA000024000000000000000A /* URLRouter.swift */; };
		AA000045000000000000000A /* BrowserDiscovery.swift in Sources */ = {isa = PBXBuildFile; fileRef = AA000025000000000000000A /* BrowserDiscovery.swift */; };
		AA000046000000000000000A /* URLCleaner.swift in Sources */ = {isa = PBXBuildFile; fileRef = AA000026000000000000000A /* URLCleaner.swift */; };
		AA000048000000000000000A /* RulesViewModel.swift in Sources */ = {isa = PBXBuildFile; fileRef = AA000028000000000000000A /* RulesViewModel.swift */; };
		AA000049000000000000000A /* MenuBarView.swift in Sources */ = {isa = PBXBuildFile; fileRef = AA000029000000000000000A /* MenuBarView.swift */; };
		AA00004A000000000000000A /* SettingsView.swift in Sources */ = {isa = PBXBuildFile; fileRef = AA00002A000000000000000A /* SettingsView.swift */; };
		AA00004B000000000000000A /* RulesView.swift in Sources */ = {isa = PBXBuildFile; fileRef = AA00002B000000000000000A /* RulesView.swift */; };
		AA00004C000000000000000A /* RuleEditorView.swift in Sources */ = {isa = PBXBuildFile; fileRef = AA00002C000000000000000A /* RuleEditorView.swift */; };
		AA00004D000000000000000A /* OnboardingView.swift in Sources */ = {isa = PBXBuildFile; fileRef = AA00002D000000000000000A /* OnboardingView.swift */; };
		AA00004F000000000000000A /* Assets.xcassets in Resources */ = {isa = PBXBuildFile; fileRef = AA00002F000000000000000A /* Assets.xcassets */; };
/* End PBXBuildFile section */

/* Begin PBXFileReference section */
		AA00000E000000000000000A /* Lync.app */ = {isa = PBXFileReference; explicitFileType = wrapper.application; includeInIndex = 0; path = Lync.app; sourceTree = BUILT_PRODUCTS_DIR; };
		AA000020000000000000000A /* LyncApp.swift */ = {isa = PBXFileReference; lastKnownFileType = sourcecode.swift; path = LyncApp.swift; sourceTree = "<group>"; };
		AA000021000000000000000A /* AppDelegate.swift */ = {isa = PBXFileReference; lastKnownFileType = sourcecode.swift; path = AppDelegate.swift; sourceTree = "<group>"; };
		AA000022000000000000000A /* Rule.swift */ = {isa = PBXFileReference; lastKnownFileType = sourcecode.swift; path = Rule.swift; sourceTree = "<group>"; };
		AA000023000000000000000A /* Browser.swift */ = {isa = PBXFileReference; lastKnownFileType = sourcecode.swift; path = Browser.swift; sourceTree = "<group>"; };
		AA000024000000000000000A /* URLRouter.swift */ = {isa = PBXFileReference; lastKnownFileType = sourcecode.swift; path = URLRouter.swift; sourceTree = "<group>"; };
		AA000025000000000000000A /* BrowserDiscovery.swift */ = {isa = PBXFileReference; lastKnownFileType = sourcecode.swift; path = BrowserDiscovery.swift; sourceTree = "<group>"; };
		AA000026000000000000000A /* URLCleaner.swift */ = {isa = PBXFileReference; lastKnownFileType = sourcecode.swift; path = URLCleaner.swift; sourceTree = "<group>"; };
		AA000028000000000000000A /* RulesViewModel.swift */ = {isa = PBXFileReference; lastKnownFileType = sourcecode.swift; path = RulesViewModel.swift; sourceTree = "<group>"; };
		AA000029000000000000000A /* MenuBarView.swift */ = {isa = PBXFileReference; lastKnownFileType = sourcecode.swift; path = MenuBarView.swift; sourceTree = "<group>"; };
		AA00002A000000000000000A /* SettingsView.swift */ = {isa = PBXFileReference; lastKnownFileType = sourcecode.swift; path = SettingsView.swift; sourceTree = "<group>"; };
		AA00002B000000000000000A /* RulesView.swift */ = {isa = PBXFileReference; lastKnownFileType = sourcecode.swift; path = RulesView.swift; sourceTree = "<group>"; };
		AA00002C000000000000000A /* RuleEditorView.swift */ = {isa = PBXFileReference; lastKnownFileType = sourcecode.swift; path = RuleEditorView.swift; sourceTree = "<group>"; };
		AA00002D000000000000000A /* OnboardingView.swift */ = {isa = PBXFileReference; lastKnownFileType = sourcecode.swift; path = OnboardingView.swift; sourceTree = "<group>"; };
		AA00002E000000000000000A /* Info.plist */ = {isa = PBXFileReference; lastKnownFileType = text.plist.xml; path = Info.plist; sourceTree = "<group>"; };
		AA00002F000000000000000A /* Assets.xcassets */ = {isa = PBXFileReference; lastKnownFileType = folder.assetcatalog; path = Assets.xcassets; sourceTree = "<group>"; };
		AA000030000000000000000A /* Lync.entitlements */ = {isa = PBXFileReference; lastKnownFileType = text.plist.entitlements; path = Lync.entitlements; sourceTree = "<group>"; };
/* End PBXFileReference section */

/* Begin PBXFrameworksBuildPhase section */
		AA00000D000000000000000A /* Frameworks */ = {
			isa = PBXFrameworksBuildPhase;
			buildActionMask = 2147483647;
			files = (
			);
			runOnlyForDeploymentPostprocessing = 0;
		};
/* End PBXFrameworksBuildPhase section */

/* Begin PBXGroup section */
		AA000002000000000000000A = {
			isa = PBXGroup;
			children = (
				AA000010000000000000000A /* Lync */,
				AA000003000000000000000A /* Products */,
			);
			sourceTree = "<group>";
		};
		AA000003000000000000000A /* Products */ = {
			isa = PBXGroup;
			children = (
				AA00000E000000000000000A /* Lync.app */,
			);
			name = Products;
			sourceTree = "<group>";
		};
		AA000010000000000000000A /* Lync */ = {
			isa = PBXGroup;
			children = (
				AA000020000000000000000A /* LyncApp.swift */,
				AA000021000000000000000A /* AppDelegate.swift */,
				AA000011000000000000000A /* Models */,
				AA000012000000000000000A /* Services */,
				AA000013000000000000000A /* ViewModels */,
				AA000014000000000000000A /* Views */,
				AA00002E000000000000000A /* Info.plist */,
				AA00002F000000000000000A /* Assets.xcassets */,
				AA000030000000000000000A /* Lync.entitlements */,
			);
			path = Lync;
			sourceTree = "<group>";
		};
		AA000011000000000000000A /* Models */ = {
			isa = PBXGroup;
			children = (
				AA000022000000000000000A /* Rule.swift */,
				AA000023000000000000000A /* Browser.swift */,
			);
			path = Models;
			sourceTree = "<group>";
		};
		AA000012000000000000000A /* Services */ = {
			isa = PBXGroup;
			children = (
				AA000024000000000000000A /* URLRouter.swift */,
				AA000025000000000000000A /* BrowserDiscovery.swift */,
				AA000026000000000000000A /* URLCleaner.swift */,
			);
			path = Services;
			sourceTree = "<group>";
		};
		AA000013000000000000000A /* ViewModels */ = {
			isa = PBXGroup;
			children = (
				AA000028000000000000000A /* RulesViewModel.swift */,
			);
			path = ViewModels;
			sourceTree = "<group>";
		};
		AA000014000000000000000A /* Views */ = {
			isa = PBXGroup;
			children = (
				AA000029000000000000000A /* MenuBarView.swift */,
				AA00002A000000000000000A /* SettingsView.swift */,
				AA00002B000000000000000A /* RulesView.swift */,
				AA00002C000000000000000A /* RuleEditorView.swift */,
				AA00002D000000000000000A /* OnboardingView.swift */,
			);
			path = Views;
			sourceTree = "<group>";
		};
/* End PBXGroup section */

/* Begin PBXNativeTarget section */
		AA000004000000000000000A /* Lync */ = {
			isa = PBXNativeTarget;
			buildConfigurationList = AA000006000000000000000A /* Build configuration list for PBXNativeTarget "Lync" */;
			buildPhases = (
				AA00000B000000000000000A /* Sources */,
				AA00000C000000000000000A /* Resources */,
				AA00000D000000000000000A /* Frameworks */,
			);
			buildRules = (
			);
			dependencies = (
			);
			name = Lync;
			productName = Lync;
			productReference = AA00000E000000000000000A /* Lync.app */;
			productType = "com.apple.product-type.application";
		};
/* End PBXNativeTarget section */

/* Begin PBXProject section */
		AA000001000000000000000A /* Project object */ = {
			isa = PBXProject;
			attributes = {
				BuildIndependentTargetsInParallel = 1;
				LastSwiftUpdateCheck = 1500;
				LastUpgradeCheck = 1500;
				TargetAttributes = {
					AA000004000000000000000A = {
						CreatedOnToolsVersion = 15.0;
					};
				};
			};
			buildConfigurationList = AA000005000000000000000A /* Build configuration list for PBXProject "Lync" */;
			compatibilityVersion = "Xcode 14.0";
			developmentRegion = en;
			hasScannedForEncodings = 0;
			knownRegions = (
				en,
				Base,
			);
			mainGroup = AA000002000000000000000A;
			productRefGroup = AA000003000000000000000A /* Products */;
			projectDirPath = "";
			projectRoot = "";
			targets = (
				AA000004000000000000000A /* Lync */,
			);
		};
/* End PBXProject section */

/* Begin PBXResourcesBuildPhase section */
		AA00000C000000000000000A /* Resources */ = {
			isa = PBXResourcesBuildPhase;
			buildActionMask = 2147483647;
			files = (
				AA00004F000000000000000A /* Assets.xcassets in Resources */,
			);
			runOnlyForDeploymentPostprocessing = 0;
		};
/* End PBXResourcesBuildPhase section */

/* Begin PBXSourcesBuildPhase section */
		AA00000B000000000000000A /* Sources */ = {
			isa = PBXSourcesBuildPhase;
			buildActionMask = 2147483647;
			files = (
				AA000040000000000000000A /* LyncApp.swift in Sources */,
				AA000041000000000000000A /* AppDelegate.swift in Sources */,
				AA000042000000000000000A /* Rule.swift in Sources */,
				AA000043000000000000000A /* Browser.swift in Sources */,
				AA000044000000000000000A /* URLRouter.swift in Sources */,
				AA000045000000000000000A /* BrowserDiscovery.swift in Sources */,
				AA000046000000000000000A /* URLCleaner.swift in Sources */,
				AA000048000000000000000A /* RulesViewModel.swift in Sources */,
				AA000049000000000000000A /* MenuBarView.swift in Sources */,
				AA00004A000000000000000A /* SettingsView.swift in Sources */,
				AA00004B000000000000000A /* RulesView.swift in Sources */,
				AA00004C000000000000000A /* RuleEditorView.swift in Sources */,
				AA00004D000000000000000A /* OnboardingView.swift in Sources */,
			);
			runOnlyForDeploymentPostprocessing = 0;
		};
/* End PBXSourcesBuildPhase section */

/* Begin XCBuildConfiguration section */
		AA000007000000000000000A /* Debug */ = {
			isa = XCBuildConfiguration;
			buildSettings = {
				ALWAYS_SEARCH_USER_PATHS = NO;
				ASSETCATALOG_COMPILER_GENERATE_SWIFT_ASSET_SYMBOL_EXTENSIONS = YES;
				CLANG_ANALYZER_NONNULL = YES;
				CLANG_ANALYZER_NUMBER_OBJECT_CONVERSION = YES_AGGRESSIVE;
				CLANG_CXX_LANGUAGE_STANDARD = "gnu++20";
				CLANG_ENABLE_MODULES = YES;
				CLANG_ENABLE_OBJC_ARC = YES;
				CLANG_ENABLE_OBJC_WEAK = YES;
				CLANG_WARN_BLOCK_CAPTURE_AUTORELEASING = YES;
				CLANG_WARN_BOOL_CONVERSION = YES;
				CLANG_WARN_COMMA = YES;
				CLANG_WARN_CONSTANT_CONVERSION = YES;
				CLANG_WARN_DEPRECATED_OBJC_IMPLEMENTATIONS = YES;
				CLANG_WARN_DIRECT_OBJC_ISA_USAGE = YES_ERROR;
				CLANG_WARN_DOCUMENTATION_COMMENTS = YES;
				CLANG_WARN_EMPTY_BODY = YES;
				CLANG_WARN_ENUM_CONVERSION = YES;
				CLANG_WARN_INFINITE_RECURSION = YES;
				CLANG_WARN_INT_CONVERSION = YES;
				CLANG_WARN_NON_LITERAL_NULL_CONVERSION = YES;
				CLANG_WARN_OBJC_IMPLICIT_RETAIN_CYCLE = YES;
				CLANG_WARN_OBJC_LITERAL_CONVERSION = YES;
				CLANG_WARN_OBJC_ROOT_CLASS = YES_ERROR;
				CLANG_WARN_QUOTED_INCLUDE_IN_FRAMEWORK_HEADER = YES;
				CLANG_WARN_RANGE_LOOP_ANALYSIS = YES;
				CLANG_WARN_STRICT_PROTOTYPES = YES;
				CLANG_WARN_SUSPICIOUS_MOVE = YES;
				CLANG_WARN_UNGUARDED_AVAILABILITY = YES_AGGRESSIVE;
				CLANG_WARN_UNREACHABLE_CODE = YES;
				CLANG_WARN__DUPLICATE_METHOD_MATCH = YES;
				COPY_PHASE_STRIP = NO;
				DEBUG_INFORMATION_FORMAT = dwarf;
				ENABLE_STRICT_OBJC_MSGSEND = YES;
				ENABLE_TESTABILITY = YES;
				GCC_C_LANGUAGE_STANDARD = gnu17;
				GCC_DYNAMIC_NO_PIC = NO;
				GCC_NO_COMMON_BLOCKS = YES;
				GCC_OPTIMIZATION_LEVEL = 0;
				GCC_PREPROCESSOR_DEFINITIONS = (
					"DEBUG=1",
					"$(inherited)",
				);
				GCC_WARN_64_TO_32_BIT_CONVERSION = YES;
				GCC_WARN_ABOUT_RETURN_TYPE = YES_ERROR;
				GCC_WARN_UNDECLARED_SELECTOR = YES;
				GCC_WARN_UNINITIALIZED_AUTOS = YES_AGGRESSIVE;
				GCC_WARN_UNUSED_FUNCTION = YES;
				GCC_WARN_UNUSED_VARIABLE = YES;
				LOCALIZATION_PREFERS_STRING_CATALOGS = YES;
				MACOSX_DEPLOYMENT_TARGET = 14.0;
				MTL_ENABLE_DEBUG_INFO = INCLUDE_SOURCE;
				MTL_FAST_MATH = YES;
				ONLY_ACTIVE_ARCH = YES;
				SDKROOT = macosx;
				SWIFT_ACTIVE_COMPILATION_CONDITIONS = "DEBUG $(inherited)";
				SWIFT_OPTIMIZATION_LEVEL = "-Onone";
			};
			name = Debug;
		};
		AA000008000000000000000A /* Release */ = {
			isa = XCBuildConfiguration;
			buildSettings = {
				ALWAYS_SEARCH_USER_PATHS = NO;
				ASSETCATALOG_COMPILER_GENERATE_SWIFT_ASSET_SYMBOL_EXTENSIONS = YES;
				CLANG_ANALYZER_NONNULL = YES;
				CLANG_ANALYZER_NUMBER_OBJECT_CONVERSION = YES_AGGRESSIVE;
				CLANG_CXX_LANGUAGE_STANDARD = "gnu++20";
				CLANG_ENABLE_MODULES = YES;
				CLANG_ENABLE_OBJC_ARC = YES;
				CLANG_ENABLE_OBJC_WEAK = YES;
				CLANG_WARN_BLOCK_CAPTURE_AUTORELEASING = YES;
				CLANG_WARN_BOOL_CONVERSION = YES;
				CLANG_WARN_COMMA = YES;
				CLANG_WARN_CONSTANT_CONVERSION = YES;
				CLANG_WARN_DEPRECATED_OBJC_IMPLEMENTATIONS = YES;
				CLANG_WARN_DIRECT_OBJC_ISA_USAGE = YES_ERROR;
				CLANG_WARN_DOCUMENTATION_COMMENTS = YES;
				CLANG_WARN_EMPTY_BODY = YES;
				CLANG_WARN_ENUM_CONVERSION = YES;
				CLANG_WARN_INFINITE_RECURSION = YES;
				CLANG_WARN_INT_CONVERSION = YES;
				CLANG_WARN_NON_LITERAL_NULL_CONVERSION = YES;
				CLANG_WARN_OBJC_IMPLICIT_RETAIN_CYCLE = YES;
				CLANG_WARN_OBJC_LITERAL_CONVERSION = YES;
				CLANG_WARN_OBJC_ROOT_CLASS = YES_ERROR;
				CLANG_WARN_QUOTED_INCLUDE_IN_FRAMEWORK_HEADER = YES;
				CLANG_WARN_RANGE_LOOP_ANALYSIS = YES;
				CLANG_WARN_STRICT_PROTOTYPES = YES;
				CLANG_WARN_SUSPICIOUS_MOVE = YES;
				CLANG_WARN_UNGUARDED_AVAILABILITY = YES_AGGRESSIVE;
				CLANG_WARN_UNREACHABLE_CODE = YES;
				CLANG_WARN__DUPLICATE_METHOD_MATCH = YES;
				COPY_PHASE_STRIP = NO;
				DEBUG_INFORMATION_FORMAT = "dwarf-with-dsym";
				ENABLE_NS_ASSERTIONS = NO;
				ENABLE_STRICT_OBJC_MSGSEND = YES;
				GCC_C_LANGUAGE_STANDARD = gnu17;
				GCC_NO_COMMON_BLOCKS = YES;
				GCC_WARN_64_TO_32_BIT_CONVERSION = YES;
				GCC_WARN_ABOUT_RETURN_TYPE = YES_ERROR;
				GCC_WARN_UNDECLARED_SELECTOR = YES;
				GCC_WARN_UNINITIALIZED_AUTOS = YES_AGGRESSIVE;
				GCC_WARN_UNUSED_FUNCTION = YES;
				GCC_WARN_UNUSED_VARIABLE = YES;
				LOCALIZATION_PREFERS_STRING_CATALOGS = YES;
				MACOSX_DEPLOYMENT_TARGET = 14.0;
				MTL_FAST_MATH = YES;
				SDKROOT = macosx;
				SWIFT_COMPILATION_MODE = wholemodule;
			};
			name = Release;
		};
		AA000009000000000000000A /* Debug */ = {
			isa = XCBuildConfiguration;
			buildSettings = {
				ASSETCATALOG_COMPILER_APPICON_NAME = AppIcon;
				ASSETCATALOG_COMPILER_GLOBAL_ACCENT_COLOR_NAME = AccentColor;
				CODE_SIGN_ALLOW_ENTITLEMENTS_MODIFICATION = YES;
				CODE_SIGN_ENTITLEMENTS = Lync/Lync.entitlements;
				"CODE_SIGN_IDENTITY[sdk=macosx*]" = "-";
				CODE_SIGN_STYLE = Automatic;
				COMBINE_HIDPI_IMAGES = YES;
				CURRENT_PROJECT_VERSION = 1;
				DEVELOPMENT_TEAM = 73BPL7R2H9;
				GENERATE_INFOPLIST_FILE = NO;
				INFOPLIST_FILE = Lync/Info.plist;
				LD_RUNPATH_SEARCH_PATHS = (
					"$(inherited)",
					"@executable_path/../Frameworks",
				);
				MARKETING_VERSION = 1.0;
				PRODUCT_BUNDLE_IDENTIFIER = com.locnh.lync.app;
				PRODUCT_NAME = "$(TARGET_NAME)";
				SWIFT_EMIT_LOC_STRINGS = YES;
				SWIFT_VERSION = 5.0;
			};
			name = Debug;
		};
		AA00000A000000000000000A /* Release */ = {
			isa = XCBuildConfiguration;
			buildSettings = {
				ASSETCATALOG_COMPILER_APPICON_NAME = AppIcon;
				ASSETCATALOG_COMPILER_GLOBAL_ACCENT_COLOR_NAME = AccentColor;
				CODE_SIGN_ALLOW_ENTITLEMENTS_MODIFICATION = YES;
				CODE_SIGN_ENTITLEMENTS = Lync/Lync.entitlements;
				"CODE_SIGN_IDENTITY[sdk=macosx*]" = "-";
				CODE_SIGN_STYLE = Automatic;
				COMBINE_HIDPI_IMAGES = YES;
				CURRENT_PROJECT_VERSION = 1;
				DEVELOPMENT_TEAM = 73BPL7R2H9;
				GENERATE_INFOPLIST_FILE = NO;
				INFOPLIST_FILE = Lync/Info.plist;
				LD_RUNPATH_SEARCH_PATHS = (
					"$(inherited)",
					"@executable_path/../Frameworks",
				);
				MARKETING_VERSION = 1.0;
				PRODUCT_BUNDLE_IDENTIFIER = com.locnh.lync.app;
				PRODUCT_NAME = "$(TARGET_NAME)";
				SWIFT_EMIT_LOC_STRINGS = YES;
				SWIFT_VERSION = 5.0;
			};
			name = Release;
		};
/* End XCBuildConfiguration section */

/* Begin XCConfigurationList section */
		AA000005000000000000000A /* Build configuration list for PBXProject "Lync" */ = {
			isa = XCConfigurationList;
			buildConfigurations = (
				AA000007000000000000000A /* Debug */,
				AA000008000000000000000A /* Release */,
			);
			defaultConfigurationIsVisible = 0;
			defaultConfigurationName = Release;
		};
		AA000006000000000000000A /* Build configuration list for PBXNativeTarget "Lync" */ = {
			isa = XCConfigurationList;
			buildConfigurations = (
				AA000009000000000000000A /* Debug */,
				AA00000A000000000000000A /* Release */,
			);
			defaultConfigurationIsVisible = 0;
			defaultConfigurationName = Release;
		};
/* End XCConfigurationList section */
	};
	rootObject = AA000001000000000000000A /* Project object */;
}
